
Microsoft Visual Studio Solution File, Format Version 12.00
# Visual Studio Version 17
VisualStudioVersion = 17.5.002.0
MinimumVisualStudioVersion = 10.0.40219.1
Project("{2150E333-8FDC-42A3-9474-1A3956D46DE8}") = "csharp-prep", "csharp-prep", "{324406E8-2204-4C4F-8750-6569CD6FBC30}"
EndProject
Project("{9A19103F-16F7-4668-BE54-9A1E7A4F7556}") = "Prep1", "csharp-prep\Prep1\Prep1.csproj", "{F9787E5A-3058-48E3-B22B-9D1A469E62EA}"
EndProject
Project("{9A19103F-16F7-4668-BE54-9A1E7A4F7556}") = "Prep2", "csharp-prep\Prep2\Prep2.csproj", "{CD0000A4-A6C2-4D9F-B07B-42BE0FFCD871}"
EndProject
Project("{9A19103F-16F7-4668-BE54-9A1E7A4F7556}") = "Prep3", "csharp-prep\Prep3\Prep3.csproj", "{78507045-1949-4F3B-A5F9-30565980C35E}"
EndProject
Project("{9A19103F-16F7-4668-BE54-9A1E7A4F7556}") = "Prep4", "csharp-prep\Prep4\Prep4.csproj", "{7B650C0D-4A62-498A-87A4-073E8DA215BE}"
EndProject
Project("{9A19103F-16F7-4668-BE54-9A1E7A4F7556}") = "Prep5", "csharp-prep\Prep5\Prep5.csproj", "{0F605493-C7F5-4ADD-8A12-DCB8AF6D15F5}"
EndProject
Project("{2150E333-8FDC-42A3-9474-1A3956D46DE8}") = "final", "final", "{F7F671B7-C1A0-4C60-AAFD-EF2A07437853}"
EndProject
Project("{9A19103F-16F7-4668-BE54-9A1E7A4F7556}") = "FinalProject", "final\FinalProject\FinalProject.csproj", "{85D4EAD4-6BD5-4016-92DD-C86DA82CA0DD}"
EndProject
Project("{9A19103F-16F7-4668-BE54-9A1E7A4F7556}") = "Foundation1", "final\Foundation1\Foundation1.csproj", "{8A8415E8-0911-4879-BBE1-4EB5C06FB467}"
EndProject
Project("{9A19103F-16F7-4668-BE54-9A1E7A4F7556}") = "Foundation2", "final\Foundation2\Foundation2.csproj", "{9F231A16-F16F-47DA-98F3-133CFC40D2E3}"
EndProject
Project("{9A19103F-16F7-4668-BE54-9A1E7A4F7556}") = "Foundation3", "final\Foundation3\Foundation3.csproj", "{D334C6C3-9AAE-4BB7-9995-4B566C91CDEC}"
EndProject
Project("{9A19103F-16F7-4668-BE54-9A1E7A4F7556}") = "Foundation4", "final\Foundation4\Foundation4.csproj", "{238EC077-AA27-4C87-A664-BF2CD24D577F}"
EndProject
Project("{2150E333-8FDC-42A3-9474-1A3956D46DE8}") = "prepare", "prepare", "{08A32934-600E-41C5-95CD-A61B070CD724}"
EndProject
Project("{9A19103F-16F7-4668-BE54-9A1E7A4F7556}") = "Learning02", "prepare\Learning02\Learning02.csproj", "{FAA2C7A9-3641-46E2-9E08-85BE75BB5BFA}"
EndProject
Project("{9A19103F-16F7-4668-BE54-9A1E7A4F7556}") = "Learning03", "prepare\Learning03\Learning03.csproj", "{F265A6EF-8332-4B97-B6CD-CB0211EDC8F5}"
EndProject
Project("{9A19103F-16F7-4668-BE54-9A1E7A4F7556}") = "Learning04", "prepare\Learning04\Learning04.csproj", "{9F9D5903-D187-47D1-ABCD-FA0A00560746}"
EndProject
Project("{9A19103F-16F7-4668-BE54-9A1E7A4F7556}") = "Learning05", "prepare\Learning05\Learning05.csproj", "{6AAAF333-7838-4865-A2C7-49082019EB58}"
EndProject
Project("{2150E333-8FDC-42A3-9474-1A3956D46DE8}") = "prove", "prove", "{3BDCDD4D-55F7-4A4D-A803-B0B3B5284F10}"
EndProject
Project("{9A19103F-16F7-4668-BE54-9A1E7A4F7556}") = "Develop02", "prove\Develop02\Develop02.csproj", "{D31FC921-892F-4863-B5FC-767A00D6CF2F}"
EndProject
Project("{9A19103F-16F7-4668-BE54-9A1E7A4F7556}") = "Develop03", "prove\Develop03\Develop03.csproj", "{FCB77C99-A095-4F49-AE00-A5289554B1C8}"
EndProject
Project("{9A19103F-16F7-4668-BE54-9A1E7A4F7556}") = "Develop04", "prove\Develop04\Develop04.csproj", "{E1F6AB28-2C53-417F-AA60-045FA7F35297}"
EndProject
Project("{9A19103F-16F7-4668-BE54-9A1E7A4F7556}") = "Develop05", "prove\Develop05\Develop05.csproj", "{0B02CB42-3AD2-4D2B-AD52-167018DF449D}"
EndProject
Project("{2150E333-8FDC-42A3-9474-1A3956D46DE8}") = "sandbox", "sandbox", "{3BE3F0FF-4866-4574-8D15-70FB2171DA19}"
EndProject
Project("{9A19103F-16F7-4668-BE54-9A1E7A4F7556}") = "Sandbox", "sandbox\Sandbox\Sandbox.csproj", "{36F0ED15-0157-4235-985F-00215CE0B6E0}"
EndProject
Global
	GlobalSection(SolutionConfigurationPlatforms) = preSolution
		Debug|Any CPU = Debug|Any CPU
		Release|Any CPU = Release|Any CPU
	EndGlobalSection
	GlobalSection(ProjectConfigurationPlatforms) = postSolution
		{F9787E5A-3058-48E3-B22B-9D1A469E62EA}.Debug|Any CPU.ActiveCfg = Debug|Any CPU
		{F9787E5A-3058-48E3-B22B-9D1A469E62EA}.Debug|Any CPU.Build.0 = Debug|Any CPU
		{F9787E5A-3058-48E3-B22B-9D1A469E62EA}.Release|Any CPU.ActiveCfg = Release|Any CPU
		{F9787E5A-3058-48E3-B22B-9D1A469E62EA}.Release|Any CPU.Build.0 = Release|Any CPU
		{CD0000A4-A6C2-4D9F-B07B-42BE0FFCD871}.Debug|Any CPU.ActiveCfg = Debug|Any CPU
		{CD0000A4-A6C2-4D9F-B07B-42BE0FFCD871}.Debug|Any CPU.Build.0 = Debug|Any CPU
		{CD0000A4-A6C2-4D9F-B07B-42BE0FFCD871}.Release|Any CPU.ActiveCfg = Release|Any CPU
		{CD0000A4-A6C2-4D9F-B07B-42BE0FFCD871}.Release|Any CPU.Build.0 = Release|Any CPU
		{78507045-1949-4F3B-A5F9-30565980C35E}.Debug|Any CPU.ActiveCfg = Debug|Any CPU
		{78507045-1949-4F3B-A5F9-30565980C35E}.Debug|Any CPU.Build.0 = Debug|Any CPU
		{78507045-1949-4F3B-A5F9-30565980C35E}.Release|Any CPU.ActiveCfg = Release|Any CPU
		{78507045-1949-4F3B-A5F9-30565980C35E}.Release|Any CPU.Build.0 = Release|Any CPU
		{7B650C0D-4A62-498A-87A4-073E8DA215BE}.Debug|Any CPU.ActiveCfg = Debug|Any CPU
		{7B650C0D-4A62-498A-87A4-073E8DA215BE}.Debug|Any CPU.Build.0 = Debug|Any CPU
		{7B650C0D-4A62-498A-87A4-073E8DA215BE}.Release|Any CPU.ActiveCfg = Release|Any CPU
		{7B650C0D-4A62-498A-87A4-073E8DA215BE}.Release|Any CPU.Build.0 = Release|Any CPU
		{0F605493-C7F5-4ADD-8A12-DCB8AF6D15F5}.Debug|Any CPU.ActiveCfg = Debug|Any CPU
		{0F605493-C7F5-4ADD-8A12-DCB8AF6D15F5}.Debug|Any CPU.Build.0 = Debug|Any CPU
		{0F605493-C7F5-4ADD-8A12-DCB8AF6D15F5}.Release|Any CPU.ActiveCfg = Release|Any CPU
		{0F605493-C7F5-4ADD-8A12-DCB8AF6D15F5}.Release|Any CPU.Build.0 = Release|Any CPU
		{85D4EAD4-6BD5-4016-92DD-C86DA82CA0DD}.Debug|Any CPU.ActiveCfg = Debug|Any CPU
		{85D4EAD4-6BD5-4016-92DD-C86DA82CA0DD}.Debug|Any CPU.Build.0 = Debug|Any CPU
		{85D4EAD4-6BD5-4016-92DD-C86DA82CA0DD}.Release|Any CPU.ActiveCfg = Release|Any CPU
		{85D4EAD4-6BD5-4016-92DD-C86DA82CA0DD}.Release|Any CPU.Build.0 = Release|Any CPU
		{8A8415E8-0911-4879-BBE1-4EB5C06FB467}.Debug|Any CPU.ActiveCfg = Debug|Any CPU
		{8A8415E8-0911-4879-BBE1-4EB5C06FB467}.Debug|Any CPU.Build.0 = Debug|Any CPU
		{8A8415E8-0911-4879-BBE1-4EB5C06FB467}.Release|Any CPU.ActiveCfg = Release|Any CPU
		{8A8415E8-0911-4879-BBE1-4EB5C06FB467}.Release|Any CPU.Build.0 = Release|Any CPU
		{9F231A16-F16F-47DA-98F3-133CFC40D2E3}.Debug|Any CPU.ActiveCfg = Debug|Any CPU
		{9F231A16-F16F-47DA-98F3-133CFC40D2E3}.Debug|Any CPU.Build.0 = Debug|Any CPU
		{9F231A16-F16F-47DA-98F3-133CFC40D2E3}.Release|Any CPU.ActiveCfg = Release|Any CPU
		{9F231A16-F16F-47DA-98F3-133CFC40D2E3}.Release|Any CPU.Build.0 = Release|Any CPU
		{D334C6C3-9AAE-4BB7-9995-4B566C91CDEC}.Debug|Any CPU.ActiveCfg = Debug|Any CPU
		{D334C6C3-9AAE-4BB7-9995-4B566C91CDEC}.Debug|Any CPU.Build.0 = Debug|Any CPU
		{D334C6C3-9AAE-4BB7-9995-4B566C91CDEC}.Release|Any CPU.ActiveCfg = Release|Any CPU
		{D334C6C3-9AAE-4BB7-9995-4B566C91CDEC}.Release|Any CPU.Build.0 = Release|Any CPU
		{238EC077-AA27-4C87-A664-BF2CD24D577F}.Debug|Any CPU.ActiveCfg = Debug|Any CPU
		{238EC077-AA27-4C87-A664-BF2CD24D577F}.Debug|Any CPU.Build.0 = Debug|Any CPU
		{238EC077-AA27-4C87-A664-BF2CD24D577F}.Release|Any CPU.ActiveCfg = Release|Any CPU
		{238EC077-AA27-4C87-A664-BF2CD24D577F}.Release|Any CPU.Build.0 = Release|Any CPU
		{FAA2C7A9-3641-46E2-9E08-85BE75BB5BFA}.Debug|Any CPU.ActiveCfg = Debug|Any CPU
		{FAA2C7A9-3641-46E2-9E08-85BE75BB5BFA}.Debug|Any CPU.Build.0 = Debug|Any CPU
		{FAA2C7A9-3641-46E2-9E08-85BE75BB5BFA}.Release|Any CPU.ActiveCfg = Release|Any CPU
		{FAA2C7A9-3641-46E2-9E08-85BE75BB5BFA}.Release|Any CPU.Build.0 = Release|Any CPU
		{F265A6EF-8332-4B97-B6CD-CB0211EDC8F5}.Debug|Any CPU.ActiveCfg = Debug|Any CPU
		{F265A6EF-8332-4B97-B6CD-CB0211EDC8F5}.Debug|Any CPU.Build.0 = Debug|Any CPU
		{F265A6EF-8332-4B97-B6CD-CB0211EDC8F5}.Release|Any CPU.ActiveCfg = Release|Any CPU
		{F265A6EF-8332-4B97-B6CD-CB0211EDC8F5}.Release|Any CPU.Build.0 = Release|Any CPU
		{9F9D5903-D187-47D1-ABCD-FA0A00560746}.Debug|Any CPU.ActiveCfg = Debug|Any CPU
		{9F9D5903-D187-47D1-ABCD-FA0A00560746}.Debug|Any CPU.Build.0 = Debug|Any CPU
		{9F9D5903-D187-47D1-ABCD-FA0A00560746}.Release|Any CPU.ActiveCfg = Release|Any CPU
		{9F9D5903-D187-47D1-ABCD-FA0A00560746}.Release|Any CPU.Build.0 = Release|Any CPU
		{6AAAF333-7838-4865-A2C7-49082019EB58}.Debug|Any CPU.ActiveCfg = Debug|Any CPU
		{6AAAF333-7838-4865-A2C7-49082019EB58}.Debug|Any CPU.Build.0 = Debug|Any CPU
		{6AAAF333-7838-4865-A2C7-49082019EB58}.Release|Any CPU.ActiveCfg = Release|Any CPU
		{6AAAF333-7838-4865-A2C7-49082019EB58}.Release|Any CPU.Build.0 = Release|Any CPU
		{D31FC921-892F-4863-B5FC-767A00D6CF2F}.Debug|Any CPU.ActiveCfg = Debug|Any CPU
		{D31FC921-892F-4863-B5FC-767A00D6CF2F}.Debug|Any CPU.Build.0 = Debug|Any CPU
		{D31FC921-892F-4863-B5FC-767A00D6CF2F}.Release|Any CPU.ActiveCfg = Release|Any CPU
		{D31FC921-892F-4863-B5FC-767A00D6CF2F}.Release|Any CPU.Build.0 = Release|Any CPU
		{FCB77C99-A095-4F49-AE00-A5289554B1C8}.Debug|Any CPU.ActiveCfg = Debug|Any CPU
		{FCB77C99-A095-4F49-AE00-A5289554B1C8}.Debug|Any CPU.Build.0 = Debug|Any CPU
		{FCB77C99-A095-4F49-AE00-A5289554B1C8}.Release|Any CPU.ActiveCfg = Release|Any CPU
		{FCB77C99-A095-4F49-AE00-A5289554B1C8}.Release|Any CPU.Build.0 = Release|Any CPU
		{E1F6AB28-2C53-417F-AA60-045FA7F35297}.Debug|Any CPU.ActiveCfg = Debug|Any CPU
		{E1F6AB28-2C53-417F-AA60-045FA7F35297}.Debug|Any CPU.Build.0 = Debug|Any CPU
		{E1F6AB28-2C53-417F-AA60-045FA7F35297}.Release|Any CPU.ActiveCfg = Release|Any CPU
		{E1F6AB28-2C53-417F-AA60-045FA7F35297}.Release|Any CPU.Build.0 = Release|Any CPU
		{0B02CB42-3AD2-4D2B-AD52-167018DF449D}.Debug|Any CPU.ActiveCfg = Debug|Any CPU
		{0B02CB42-3AD2-4D2B-AD52-167018DF449D}.Debug|Any CPU.Build.0 = Debug|Any CPU
		{0B02CB42-3AD2-4D2B-AD52-167018DF449D}.Release|Any CPU.ActiveCfg = Release|Any CPU
		{0B02CB42-3AD2-4D2B-AD52-167018DF449D}.Release|Any CPU.Build.0 = Release|Any CPU
		{36F0ED15-0157-4235-985F-00215CE0B6E0}.Debug|Any CPU.ActiveCfg = Debug|Any CPU
		{36F0ED15-0157-4235-985F-00215CE0B6E0}.Debug|Any CPU.Build.0 = Debug|Any CPU
		{36F0ED15-0157-4235-985F-00215CE0B6E0}.Release|Any CPU.ActiveCfg = Release|Any CPU
		{36F0ED15-0157-4235-985F-00215CE0B6E0}.Release|Any CPU.Build.0 = Release|Any CPU
	EndGlobalSection
	GlobalSection(SolutionProperties) = preSolution
		HideSolutionNode = FALSE
	EndGlobalSection
	GlobalSection(NestedProjects) = preSolution
		{F9787E5A-3058-48E3-B22B-9D1A469E62EA} = {324406E8-2204-4C4F-8750-6569CD6FBC30}
		{CD0000A4-A6C2-4D9F-B07B-42BE0FFCD871} = {324406E8-2204-4C4F-8750-6569CD6FBC30}
		{78507045-1949-4F3B-A5F9-30565980C35E} = {324406E8-2204-4C4F-8750-6569CD6FBC30}
		{7B650C0D-4A62-498A-87A4-073E8DA215BE} = {324406E8-2204-4C4F-8750-6569CD6FBC30}
		{0F605493-C7F5-4ADD-8A12-DCB8AF6D15F5} = {324406E8-2204-4C4F-8750-6569CD6FBC30}
		{85D4EAD4-6BD5-4016-92DD-C86DA82CA0DD} = {F7F671B7-C1A0-4C60-AAFD-EF2A07437853}
		{8A8415E8-0911-4879-BBE1-4EB5C06FB467} = {F7F671B7-C1A0-4C60-AAFD-EF2A07437853}
		{9F231A16-F16F-47DA-98F3-133CFC40D2E3} = {F7F671B7-C1A0-4C60-AAFD-EF2A07437853}
		{D334C6C3-9AAE-4BB7-9995-4B566C91CDEC} = {F7F671B7-C1A0-4C60-AAFD-EF2A07437853}
		{238EC077-AA27-4C87-A664-BF2CD24D577F} = {F7F671B7-C1A0-4C60-AAFD-EF2A07437853}
		{FAA2C7A9-3641-46E2-9E08-85BE75BB5BFA} = {08A32934-600E-41C5-95CD-A61B070CD724}
		{F265A6EF-8332-4B97-B6CD-CB0211EDC8F5} = {08A32934-600E-41C5-95CD-A61B070CD724}
		{9F9D5903-D187-47D1-ABCD-FA0A00560746} = {08A32934-600E-41C5-95CD-A61B070CD724}
		{6AAAF333-7838-4865-A2C7-49082019EB58} = {08A32934-600E-41C5-95CD-A61B070CD724}
		{D31FC921-892F-4863-B5FC-767A00D6CF2F} = {3BDCDD4D-55F7-4A4D-A803-B0B3B5284F10}
		{FCB77C99-A095-4F49-AE00-A5289554B1C8} = {3BDCDD4D-55F7-4A4D-A803-B0B3B5284F10}
		{E1F6AB28-2C53-417F-AA60-045FA7F35297} = {3BDCDD4D-55F7-4A4D-A803-B0B3B5284F10}
		{0B02CB42-3AD2-4D2B-AD52-167018DF449D} = {3BDCDD4D-55F7-4A4D-A803-B0B3B5284F10}
		{36F0ED15-0157-4235-985F-00215CE0B6E0} = {3BE3F0FF-4866-4574-8D15-70FB2171DA19}
	EndGlobalSection
	GlobalSection(ExtensibilityGlobals) = postSolution
		SolutionGuid = {5B3B92FB-E6A0-45A5-A11A-9795506510F4}
	EndGlobalSection
EndGlobal
